// !$*UTF8*$!
{
	archiveVersion = 1;
	classes = {
	};
	objectVersion = 51;
	objects = {

/* Begin PBXBuildFile section */
		8F843943C46313AED9C174AE /* Pods_WhatFlower.framework in Frameworks */ = {isa = PBXBuildFile; fileRef = 283189B02EE0BE9C9EA21C0F /* Pods_WhatFlower.framework */; };
		CACD9F1C251F13E000A28286 /* AppDelegate.swift in Sources */ = {isa = PBXBuildFile; fileRef = CACD9F1B251F13E000A28286 /* AppDelegate.swift */; };
		CACD9F1E251F13E000A28286 /* SceneDelegate.swift in Sources */ = {isa = PBXBuildFile; fileRef = CACD9F1D251F13E000A28286 /* SceneDelegate.swift */; };
		CACD9F20251F13E000A28286 /* ViewController.swift in Sources */ = {isa = PBXBuildFile; fileRef = CACD9F1F251F13E000A28286 /* ViewController.swift */; };
		CACD9F23251F13E000A28286 /* Main.storyboard in Resources */ = {isa = PBXBuildFile; fileRef = CACD9F21251F13E000A28286 /* Main.storyboard */; };
		CACD9F25251F13E100A28286 /* Assets.xcassets in Resources */ = {isa = PBXBuildFile; fileRef = CACD9F24251F13E100A28286 /* Assets.xcassets */; };
		CACD9F28251F13E100A28286 /* LaunchScreen.storyboard in Resources */ = {isa = PBXBuildFile; fileRef = CACD9F26251F13E100A28286 /* LaunchScreen.storyboard */; };
		CACD9F31251F13EC00A28286 /* FlowerClassifier.mlmodel in Sources */ = {isa = PBXBuildFile; fileRef = CACD9F30251F13EC00A28286 /* FlowerClassifier.mlmodel */; };
		CAEB016D251F53D000AE0029 /* GetWikiData.swift in Sources */ = {isa = PBXBuildFile; fileRef = CAEB016C251F53D000AE0029 /* GetWikiData.swift */; };
		CAEB0170251F566E00AE0029 /* Model.swift in Sources */ = {isa = PBXBuildFile; fileRef = CAEB016F251F566E00AE0029 /* Model.swift */; };
/* End PBXBuildFile section */

/* Begin PBXFileReference section */
		283189B02EE0BE9C9EA21C0F /* Pods_WhatFlower.framework */ = {isa = PBXFileReference; explicitFileType = wrapper.framework; includeInIndex = 0; path = Pods_WhatFlower.framework; sourceTree = BUILT_PRODUCTS_DIR; };
		4E23655037F753F48D08FA8E /* Pods-WhatFlower.release.xcconfig */ = {isa = PBXFileReference; includeInIndex = 1; lastKnownFileType = text.xcconfig; name = "Pods-WhatFlower.release.xcconfig"; path = "Target Support Files/Pods-WhatFlower/Pods-WhatFlower.release.xcconfig"; sourceTree = "<group>"; };
		69BFF46409B64D36B824664D /* Pods-WhatFlower.debug.xcconfig */ = {isa = PBXFileReference; includeInIndex = 1; lastKnownFileType = text.xcconfig; name = "Pods-WhatFlower.debug.xcconfig"; path = "Target Support Files/Pods-WhatFlower/Pods-WhatFlower.debug.xcconfig"; sourceTree = "<group>"; };
		CACD9F18251F13E000A28286 /* WhatFlower.app */ = {isa = PBXFileReference; explicitFileType = wrapper.application; includeInIndex = 0; path = WhatFlower.app; sourceTree = BUILT_PRODUCTS_DIR; };
		CACD9F1B251F13E000A28286 /* AppDelegate.swift */ = {isa = PBXFileReference; lastKnownFileType = sourcecode.swift; path = AppDelegate.swift; sourceTree = "<group>"; };
		CACD9F1D251F13E000A28286 /* SceneDelegate.swift */ = {isa = PBXFileReference; lastKnownFileType = sourcecode.swift; path = SceneDelegate.swift; sourceTree = "<group>"; };
		CACD9F1F251F13E000A28286 /* ViewController.swift */ = {isa = PBXFileReference; lastKnownFileType = sourcecode.swift; path = ViewController.swift; sourceTree = "<group>"; };
		CACD9F22251F13E000A28286 /* Base */ = {isa = PBXFileReference; lastKnownFileType = file.storyboard; name = Base; path = Base.lproj/Main.storyboard; sourceTree = "<group>"; };
		CACD9F24251F13E100A28286 /* Assets.xcassets */ = {isa = PBXFileReference; lastKnownFileType = folder.assetcatalog; path = Assets.xcassets; sourceTree = "<group>"; };
		CACD9F27251F13E100A28286 /* Base */ = {isa = PBXFileReference; lastKnownFileType = file.storyboard; name = Base; path = Base.lproj/LaunchScreen.storyboard; sourceTree = "<group>"; };
		CACD9F29251F13E100A28286 /* Info.plist */ = {isa = PBXFileReference; lastKnownFileType = text.plist.xml; path = Info.plist; sourceTree = "<group>"; };
		CACD9F30251F13EC00A28286 /* FlowerClassifier.mlmodel */ = {isa = PBXFileReference; lastKnownFileType = file.mlmodel; path = FlowerClassifier.mlmodel; sourceTree = "<group>"; };
		CAEB016C251F53D000AE0029 /* GetWikiData.swift */ = {isa = PBXFileReference; lastKnownFileType = sourcecode.swift; path = GetWikiData.swift; sourceTree = "<group>"; };
		CAEB016F251F566E00AE0029 /* Model.swift */ = {isa = PBXFileReference; lastKnownFileType = sourcecode.swift; path = Model.swift; sourceTree = "<group>"; };
/* End PBXFileReference section */

/* Begin PBXFrameworksBuildPhase section */
		CACD9F15251F13DF00A28286 /* Frameworks */ = {
			isa = PBXFrameworksBuildPhase;
			buildActionMask = 2147483647;
			files = (
				8F843943C46313AED9C174AE /* Pods_WhatFlower.framework in Frameworks */,
			);
			runOnlyForDeploymentPostprocessing = 0;
		};
/* End PBXFrameworksBuildPhase section */

/* Begin PBXGroup section */
		23748D797AD2B837CA335900 /* Pods */ = {
			isa = PBXGroup;
			children = (
				69BFF46409B64D36B824664D /* Pods-WhatFlower.debug.xcconfig */,
				4E23655037F753F48D08FA8E /* Pods-WhatFlower.release.xcconfig */,
			);
			path = Pods;
			sourceTree = "<group>";
		};
		CACD9F0F251F13DF00A28286 = {
			isa = PBXGroup;
			children = (
				CACD9F1A251F13E000A28286 /* WhatFlower */,
				CACD9F19251F13E000A28286 /* Products */,
				23748D797AD2B837CA335900 /* Pods */,
				E5D1C640DE3BDFCC346D8094 /* Frameworks */,
			);
			sourceTree = "<group>";
		};
		CACD9F19251F13E000A28286 /* Products */ = {
			isa = PBXGroup;
			children = (
				CACD9F18251F13E000A28286 /* WhatFlower.app */,
			);
			name = Products;
			sourceTree = "<group>";
		};
		CACD9F1A251F13E000A28286 /* WhatFlower */ = {
			isa = PBXGroup;
			children = (
				CACD9F1B251F13E000A28286 /* AppDelegate.swift */,
				CACD9F1D251F13E000A28286 /* SceneDelegate.swift */,
				CACD9F1F251F13E000A28286 /* ViewController.swift */,
				CACD9F21251F13E000A28286 /* Main.storyboard */,
				CACD9F24251F13E100A28286 /* Assets.xcassets */,
				CACD9F26251F13E100A28286 /* LaunchScreen.storyboard */,
				CACD9F29251F13E100A28286 /* Info.plist */,
				CACD9F30251F13EC00A28286 /* FlowerClassifier.mlmodel */,
				CAEB016C251F53D000AE0029 /* GetWikiData.swift */,
				CAEB016F251F566E00AE0029 /* Model.swift */,
			);
			path = WhatFlower;
			sourceTree = "<group>";
		};
		E5D1C640DE3BDFCC346D8094 /* Frameworks */ = {
			isa = PBXGroup;
			children = (
				283189B02EE0BE9C9EA21C0F /* Pods_WhatFlower.framework */,
			);
			name = Frameworks;
			sourceTree = "<group>";
		};
/* End PBXGroup section */

/* Begin PBXNativeTarget section */
		CACD9F17251F13DF00A28286 /* WhatFlower */ = {
			isa = PBXNativeTarget;
			buildConfigurationList = CACD9F2C251F13E100A28286 /* Build configuration list for PBXNativeTarget "WhatFlower" */;
			buildPhases = (
				F28AA6E603C47851FC571747 /* [CP] Check Pods Manifest.lock */,
				CACD9F14251F13DF00A28286 /* Sources */,
				CACD9F15251F13DF00A28286 /* Frameworks */,
				CACD9F16251F13DF00A28286 /* Resources */,
				AB51FBEC599738A1640FBA85 /* [CP] Embed Pods Frameworks */,
			);
			buildRules = (
			);
			dependencies = (
			);
			name = WhatFlower;
			productName = WhatFlower;
			productReference = CACD9F18251F13E000A28286 /* WhatFlower.app */;
			productType = "com.apple.product-type.application";
		};
/* End PBXNativeTarget section */

/* Begin PBXProject section */
		CACD9F10251F13DF00A28286 /* Project object */ = {
			isa = PBXProject;
			attributes = {
				LastSwiftUpdateCheck = 1200;
				LastUpgradeCheck = 1200;
				TargetAttributes = {
					CACD9F17251F13DF00A28286 = {
						CreatedOnToolsVersion = 12.0.1;
					};
				};
			};
			buildConfigurationList = CACD9F13251F13DF00A28286 /* Build configuration list for PBXProject "WhatFlower" */;
			compatibilityVersion = "Xcode 9.3";
			developmentRegion = en;
			hasScannedForEncodings = 0;
			knownRegions = (
				en,
				Base,
			);
			mainGroup = CACD9F0F251F13DF00A28286;
			productRefGroup = CACD9F19251F13E000A28286 /* Products */;
			projectDirPath = "";
			projectRoot = "";
			targets = (
				CACD9F17251F13DF00A28286 /* WhatFlower */,
			);
		};
/* End PBXProject section */

/* Begin PBXResourcesBuildPhase section */
		CACD9F16251F13DF00A28286 /* Resources */ = {
			isa = PBXResourcesBuildPhase;
			buildActionMask = 2147483647;
			files = (
				CACD9F28251F13E100A28286 /* LaunchScreen.storyboard in Resources */,
				CACD9F25251F13E100A28286 /* Assets.xcassets in Resources */,
				CACD9F23251F13E000A28286 /* Main.storyboard in Resources */,
			);
			runOnlyForDeploymentPostprocessing = 0;
		};
/* End PBXResourcesBuildPhase section */

/* Begin PBXShellScriptBuildPhase section */
		AB51FBEC599738A1640FBA85 /* [CP] Embed Pods Frameworks */ = {
			isa = PBXShellScriptBuildPhase;
			buildActionMask = 2147483647;
			files = (
			);
			inputFileListPaths = (
				"${PODS_ROOT}/Target Support Files/Pods-WhatFlower/Pods-WhatFlower-frameworks-${CONFIGURATION}-input-files.xcfilelist",
			);
			name = "[CP] Embed Pods Frameworks";
			outputFileListPaths = (
				"${PODS_ROOT}/Target Support Files/Pods-WhatFlower/Pods-WhatFlower-frameworks-${CONFIGURATION}-output-files.xcfilelist",
			);
			runOnlyForDeploymentPostprocessing = 0;
			shellPath = /bin/sh;
			shellScript = "\"${PODS_ROOT}/Target Support Files/Pods-WhatFlower/Pods-WhatFlower-frameworks.sh\"\n";
			showEnvVarsInLog = 0;
		};
		F28AA6E603C47851FC571747 /* [CP] Check Pods Manifest.lock */ = {
			isa = PBXShellScriptBuildPhase;
			buildActionMask = 2147483647;
			files = (
			);
			inputFileListPaths = (
			);
			inputPaths = (
				"${PODS_PODFILE_DIR_PATH}/Podfile.lock",
				"${PODS_ROOT}/Manifest.lock",
			);
			name = "[CP] Check Pods Manifest.lock";
			outputFileListPaths = (
			);
			outputPaths = (
				"$(DERIVED_FILE_DIR)/Pods-WhatFlower-checkManifestLockResult.txt",
			);
			runOnlyForDeploymentPostprocessing = 0;
			shellPath = /bin/sh;
			shellScript = "diff \"${PODS_PODFILE_DIR_PATH}/Podfile.lock\" \"${PODS_ROOT}/Manifest.lock\" > /dev/null\nif [ $? != 0 ] ; then\n    # print error to STDERR\n    echo \"error: The sandbox is not in sync with the Podfile.lock. Run 'pod install' or update your CocoaPods installation.\" >&2\n    exit 1\nfi\n# This output is used by Xcode 'outputs' to avoid re-running this script phase.\necho \"SUCCESS\" > \"${SCRIPT_OUTPUT_FILE_0}\"\n";
			showEnvVarsInLog = 0;
		};
/* End PBXShellScriptBuildPhase section */

/* Begin PBXSourcesBuildPhase section */
		CACD9F14251F13DF00A28286 /* Sources */ = {
			isa = PBXSourcesBuildPhase;
			buildActionMask = 2147483647;
			files = (
				CAEB016D251F53D000AE0029 /* GetWikiData.swift in Sources */,
				CACD9F31251F13EC00A28286 /* FlowerClassifier.mlmodel in Sources */,
				CACD9F20251F13E000A28286 /* ViewController.swift in Sources */,
				CAEB0170251F566E00AE0029 /* Model.swift in Sources */,
				CACD9F1C251F13E000A28286 /* AppDelegate.swift in Sources */,
				CACD9F1E251F13E000A28286 /* SceneDelegate.swift in Sources */,
			);
			runOnlyForDeploymentPostprocessing = 0;
		};
/* End PBXSourcesBuildPhase section */

/* Begin PBXVariantGroup section */
		CACD9F21251F13E000A28286 /* Main.storyboard */ = {
			isa = PBXVariantGroup;
			children = (
				CACD9F22251F13E000A28286 /* Base */,
			);
			name = Main.storyboard;
			sourceTree = "<group>";
		};
		CACD9F26251F13E100A28286 /* LaunchScreen.storyboard */ = {
			isa = PBXVariantGroup;
			children = (
				CACD9F27251F13E100A28286 /* Base */,
			);
			name = LaunchScreen.storyboard;
			sourceTree = "<group>";
		};
/* End PBXVariantGroup section */

/* Begin XCBuildConfiguration section */
		CACD9F2A251F13E100A28286 /* Debug */ = {
			isa = XCBuildConfiguration;
			buildSettings = {
				ALWAYS_SEARCH_USER_PATHS = NO;
				CLANG_ANALYZER_NONNULL = YES;
				CLANG_ANALYZER_NUMBER_OBJECT_CONVERSION = YES_AGGRESSIVE;
				CLANG_CXX_LANGUAGE_STANDARD = "gnu++14";
				CLANG_CXX_LIBRARY = "libc++";
				CLANG_ENABLE_MODULES = YES;
				CLANG_ENABLE_OBJC_ARC = YES;
				CLANG_ENABLE_OBJC_WEAK = YES;
				CLANG_WARN_BLOCK_CAPTURE_AUTORELEASING = YES;
				CLANG_WARN_BOOL_CONVERSION = YES;
				CLANG_WARN_COMMA = YES;
				CLANG_WARN_CONSTANT_CONVERSION = YES;
				CLANG_WARN_DEPRECATED_OBJC_IMPLEMENTATIONS = YES;
				CLANG_WARN_DIRECT_OBJC_ISA_USAGE = YES_ERROR;
				CLANG_WARN_DOCUMENTATION_COMMENTS = YES;
				CLANG_WARN_EMPTY_BODY = YES;
				CLANG_WARN_ENUM_CONVERSION = YES;
				CLANG_WARN_INFINITE_RECURSION = YES;
				CLANG_WARN_INT_CONVERSION = YES;
				CLANG_WARN_NON_LITERAL_NULL_CONVERSION = YES;
				CLANG_WARN_OBJC_IMPLICIT_RETAIN_SELF = YES;
				CLANG_WARN_OBJC_LITERAL_CONVERSION = YES;
				CLANG_WARN_OBJC_ROOT_CLASS = YES_ERROR;
				CLANG_WARN_QUOTED_INCLUDE_IN_FRAMEWORK_HEADER = YES;
				CLANG_WARN_RANGE_LOOP_ANALYSIS = YES;
				CLANG_WARN_STRICT_PROTOTYPES = YES;
				CLANG_WARN_SUSPICIOUS_MOVE = YES;
				CLANG_WARN_UNGUARDED_AVAILABILITY = YES_AGGRESSIVE;
				CLANG_WARN_UNREACHABLE_CODE = YES;
				CLANG_WARN__DUPLICATE_METHOD_MATCH = YES;
				COPY_PHASE_STRIP = NO;
				DEBUG_INFORMATION_FORMAT = dwarf;
				ENABLE_STRICT_OBJC_MSGSEND = YES;
				ENABLE_TESTABILITY = YES;
				GCC_C_LANGUAGE_STANDARD = gnu11;
				GCC_DYNAMIC_NO_PIC = NO;
				GCC_NO_COMMON_BLOCKS = YES;
				GCC_OPTIMIZATION_LEVEL = 0;
				GCC_PREPROCESSOR_DEFINITIONS = (
					"DEBUG=1",
					"$(inherited)",
				);
				GCC_WARN_64_TO_32_BIT_CONVERSION = YES;
				GCC_WARN_ABOUT_RETURN_TYPE = YES_ERROR;
				GCC_WARN_UNDECLARED_SELECTOR = YES;
				GCC_WARN_UNINITIALIZED_AUTOS = YES_AGGRESSIVE;
				GCC_WARN_UNUSED_FUNCTION = YES;
				GCC_WARN_UNUSED_VARIABLE = YES;
				IPHONEOS_DEPLOYMENT_TARGET = 14.0;
				MTL_ENABLE_DEBUG_INFO = INCLUDE_SOURCE;
				MTL_FAST_MATH = YES;
				ONLY_ACTIVE_ARCH = YES;
				SDKROOT = iphoneos;
				SWIFT_ACTIVE_COMPILATION_CONDITIONS = DEBUG;
				SWIFT_OPTIMIZATION_LEVEL = "-Onone";
			};
			name = Debug;
		};
		CACD9F2B251F13E100A28286 /* Release */ = {
			isa = XCBuildConfiguration;
			buildSettings = {
				ALWAYS_SEARCH_USER_PATHS = NO;
				CLANG_ANALYZER_NONNULL = YES;
				CLANG_ANALYZER_NUMBER_OBJECT_CONVERSION = YES_AGGRESSIVE;
				CLANG_CXX_LANGUAGE_STANDARD = "gnu++14";
				CLANG_CXX_LIBRARY = "libc++";
				CLANG_ENABLE_MODULES = YES;
				CLANG_ENABLE_OBJC_ARC = YES;
				CLANG_ENABLE_OBJC_WEAK = YES;
				CLANG_WARN_BLOCK_CAPTURE_AUTORELEASING = YES;
				CLANG_WARN_BOOL_CONVERSION = YES;
				CLANG_WARN_COMMA = YES;
				CLANG_WARN_CONSTANT_CONVERSION = YES;
				CLANG_WARN_DEPRECATED_OBJC_IMPLEMENTATIONS = YES;
				CLANG_WARN_DIRECT_OBJC_ISA_USAGE = YES_ERROR;
				CLANG_WARN_DOCUMENTATION_COMMENTS = YES;
				CLANG_WARN_EMPTY_BODY = YES;
				CLANG_WARN_ENUM_CONVERSION = YES;
				CLANG_WARN_INFINITE_RECURSION = YES;
				CLANG_WARN_INT_CONVERSION = YES;
				CLANG_WARN_NON_LITERAL_NULL_CONVERSION = YES;
				CLANG_WARN_OBJC_IMPLICIT_RETAIN_SELF = YES;
				CLANG_WARN_OBJC_LITERAL_CONVERSION = YES;
				CLANG_WARN_OBJC_ROOT_CLASS = YES_ERROR;
				CLANG_WARN_QUOTED_INCLUDE_IN_FRAMEWORK_HEADER = YES;
				CLANG_WARN_RANGE_LOOP_ANALYSIS = YES;
				CLANG_WARN_STRICT_PROTOTYPES = YES;
				CLANG_WARN_SUSPICIOUS_MOVE = YES;
				CLANG_WARN_UNGUARDED_AVAILABILITY = YES_AGGRESSIVE;
				CLANG_WARN_UNREACHABLE_CODE = YES;
				CLANG_WARN__DUPLICATE_METHOD_MATCH = YES;
				COPY_PHASE_STRIP = NO;
				DEBUG_INFORMATION_FORMAT = "dwarf-with-dsym";
				ENABLE_NS_ASSERTIONS = NO;
				ENABLE_STRICT_OBJC_MSGSEND = YES;
				GCC_C_LANGUAGE_STANDARD = gnu11;
				GCC_NO_COMMON_BLOCKS = YES;
				GCC_WARN_64_TO_32_BIT_CONVERSION = YES;
				GCC_WARN_ABOUT_RETURN_TYPE = YES_ERROR;
				GCC_WARN_UNDECLARED_SELECTOR = YES;
				GCC_WARN_UNINITIALIZED_AUTOS = YES_AGGRESSIVE;
				GCC_WARN_UNUSED_FUNCTION = YES;
				GCC_WARN_UNUSED_VARIABLE = YES;
				IPHONEOS_DEPLOYMENT_TARGET = 14.0;
				MTL_ENABLE_DEBUG_INFO = NO;
				MTL_FAST_MATH = YES;
				SDKROOT = iphoneos;
				SWIFT_COMPILATION_MODE = wholemodule;
				SWIFT_OPTIMIZATION_LEVEL = "-O";
				VALIDATE_PRODUCT = YES;
			};
			name = Release;
		};
		CACD9F2D251F13E100A28286 /* Debug */ = {
			isa = XCBuildConfiguration;
			baseConfigurationReference = 69BFF46409B64D36B824664D /* Pods-WhatFlower.debug.xcconfig */;
			buildSettings = {
				ASSETCATALOG_COMPILER_APPICON_NAME = AppIcon;
				ASSETCATALOG_COMPILER_GLOBAL_ACCENT_COLOR_NAME = AccentColor;
				CODE_SIGN_STYLE = Automatic;
				DEVELOPMENT_TEAM = 89F3WBQAXS;
				INFOPLIST_FILE = WhatFlower/Info.plist;
				IPHONEOS_DEPLOYMENT_TARGET = 13.7;
				LD_RUNPATH_SEARCH_PATHS = (
					"$(inherited)",
					"@executable_path/Frameworks",
				);
				PRODUCT_BUNDLE_IDENTIFIER = "com.Sai-Naveen-Katla.WhatFlower";
				PRODUCT_NAME = "$(TARGET_NAME)";
				SWIFT_VERSION = 5.0;
				TARGETED_DEVICE_FAMILY = "1,2";
			};
			name = Debug;
		};
		CACD9F2E251F13E100A28286 /* Release */ = {
			isa = XCBuildConfiguration;
			baseConfigurationReference = 4E23655037F753F48D08FA8E /* Pods-WhatFlower.release.xcconfig */;
			buildSettings = {
				ASSETCATALOG_COMPILER_APPICON_NAME = AppIcon;
				ASSETCATALOG_COMPILER_GLOBAL_ACCENT_COLOR_NAME = AccentColor;
				CODE_SIGN_STYLE = Automatic;
				DEVELOPMENT_TEAM = 89F3WBQAXS;
				INFOPLIST_FILE = WhatFlower/Info.plist;
				IPHONEOS_DEPLOYMENT_TARGET = 13.7;
				LD_RUNPATH_SEARCH_PATHS = (
					"$(inherited)",
					"@executable_path/Frameworks",
				);
				PRODUCT_BUNDLE_IDENTIFIER = "com.Sai-Naveen-Katla.WhatFlower";
				PRODUCT_NAME = "$(TARGET_NAME)";
				SWIFT_VERSION = 5.0;
				TARGETED_DEVICE_FAMILY = "1,2";
			};
			name = Release;
		};
/* End XCBuildConfiguration section */

/* Begin XCConfigurationList section */
		CACD9F13251F13DF00A28286 /* Build configuration list for PBXProject "WhatFlower" */ = {
			isa = XCConfigurationList;
			buildConfigurations = (
				CACD9F2A251F13E100A28286 /* Debug */,
				CACD9F2B251F13E100A28286 /* Release */,
			);
			defaultConfigurationIsVisible = 0;
			defaultConfigurationName = Release;
		};
		CACD9F2C251F13E100A28286 /* Build configuration list for PBXNativeTarget "WhatFlower" */ = {
			isa = XCConfigurationList;
			buildConfigurations = (
				CACD9F2D251F13E100A28286 /* Debug */,
				CACD9F2E251F13E100A28286 /* Release */,
			);
			defaultConfigurationIsVisible = 0;
			defaultConfigurationName = Release;
		};
/* End XCConfigurationList section */
	};
	rootObject = CACD9F10251F13DF00A28286 /* Project object */;
}
